
Microsoft Visual Studio Solution File, Format Version 12.00
# Visual Studio 15
VisualStudioVersion = 15.0.28010.0
MinimumVisualStudioVersion = 10.0.40219.1
Project("{FAE04EC0-301F-11D3-BF4B-00C04F79EFBC}") = "GuessingGame_4.22.19", "GuessingGame_4.22.19\GuessingGame_4.22.19.csproj", "{2D36EAF8-2F38-4AA1-A4EC-2DADFB63373E}"
EndProject
Global
	GlobalSection(SolutionConfigurationPlatforms) = preSolution
		Debug|Any CPU = Debug|Any CPU
		Release|Any CPU = Release|Any CPU
	EndGlobalSection
	GlobalSection(ProjectConfigurationPlatforms) = postSolution
		{2D36EAF8-2F38-4AA1-A4EC-2DADFB63373E}.Debug|Any CPU.ActiveCfg = Debug|Any CPU
		{2D36EAF8-2F38-4AA1-A4EC-2DADFB63373E}.Debug|Any CPU.Build.0 = Debug|Any CPU
		{2D36EAF8-2F38-4AA1-A4EC-2DADFB63373E}.Release|Any CPU.ActiveCfg = Release|Any CPU
		{2D36EAF8-2F38-4AA1-A4EC-2DADFB63373E}.Release|Any CPU.Build.0 = Release|Any CPU
	EndGlobalSection
	GlobalSection(SolutionProperties) = preSolution
		HideSolutionNode = FALSE
	EndGlobalSection
	GlobalSection(ExtensibilityGlobals) = postSolution
		SolutionGuid = {0A6171A9-C1BA-4845-BBD3-5A83D0C95EBA}
	EndGlobalSection
EndGlobal
